
Microsoft Visual Studio Solution File, Format Version 12.00
# Visual Studio Version 16
VisualStudioVersion = 16.0.29926.136
MinimumVisualStudioVersion = 10.0.40219.1
Project("{FAE04EC0-301F-11D3-BF4B-00C04F79EFBC}") = "CSharpCompilerStrictMode", "CSharpCompilerStrictMode\CSharpCompilerStrictMode.csproj", "{48D6E568-9E20-43EF-B1D7-3579967CBA58}"
EndProject
Global
	GlobalSection(SolutionConfigurationPlatforms) = preSolution
		Debug|Any CPU = Debug|Any CPU
		Release|Any CPU = Release|Any CPU
	EndGlobalSection
	GlobalSection(ProjectConfigurationPlatforms) = postSolution
		{48D6E568-9E20-43EF-B1D7-3579967CBA58}.Debug|Any CPU.ActiveCfg = Debug|Any CPU
		{48D6E568-9E20-43EF-B1D7-3579967CBA58}.Debug|Any CPU.Build.0 = Debug|Any CPU
		{48D6E568-9E20-43EF-B1D7-3579967CBA58}.Release|Any CPU.ActiveCfg = Release|Any CPU
		{48D6E568-9E20-43EF-B1D7-3579967CBA58}.Release|Any CPU.Build.0 = Release|Any CPU
	EndGlobalSection
	GlobalSection(SolutionProperties) = preSolution
		HideSolutionNode = FALSE
	EndGlobalSection
	GlobalSection(ExtensibilityGlobals) = postSolution
		SolutionGuid = {1ACFCDFB-8A05-4A00-B660-FC9DCE6785C2}
	EndGlobalSection
EndGlobal
