
Microsoft Visual Studio Solution File, Format Version 12.00
# Visual Studio Version 17
VisualStudioVersion = 17.14.36109.1 d17.14
MinimumVisualStudioVersion = 10.0.40219.1
Project("{FAE04EC0-301F-11D3-BF4B-00C04F79EFBC}") = "DtC.Episode2", "DtC.Episode2\DtC.Episode2.csproj", "{3EEBB3CD-240E-40CC-81A6-26DB6D3808F9}"
EndProject
Global
	GlobalSection(SolutionConfigurationPlatforms) = preSolution
		Debug|Any CPU = Debug|Any CPU
		Release|Any CPU = Release|Any CPU
	EndGlobalSection
	GlobalSection(ProjectConfigurationPlatforms) = postSolution
		{3EEBB3CD-240E-40CC-81A6-26DB6D3808F9}.Debug|Any CPU.ActiveCfg = Debug|Any CPU
		{3EEBB3CD-240E-40CC-81A6-26DB6D3808F9}.Debug|Any CPU.Build.0 = Debug|Any CPU
		{3EEBB3CD-240E-40CC-81A6-26DB6D3808F9}.Release|Any CPU.ActiveCfg = Release|Any CPU
		{3EEBB3CD-240E-40CC-81A6-26DB6D3808F9}.Release|Any CPU.Build.0 = Release|Any CPU
	EndGlobalSection
	GlobalSection(SolutionProperties) = preSolution
		HideSolutionNode = FALSE
	EndGlobalSection
	GlobalSection(ExtensibilityGlobals) = postSolution
		SolutionGuid = {75B9ACB1-D6F2-4B6F-9DD7-690AD587484F}
	EndGlobalSection
EndGlobal
