
Microsoft Visual Studio Solution File, Format Version 12.00
# Visual Studio 15
VisualStudioVersion = 15.0.27130.0
MinimumVisualStudioVersion = 10.0.40219.1
Project("{FAE04EC0-301F-11D3-BF4B-00C04F79EFBC}") = "NullCoalescing", "NullCoalescing\NullCoalescing.csproj", "{FA8774F4-9C61-42DA-94E8-7952943EF170}"
EndProject
Global
	GlobalSection(SolutionConfigurationPlatforms) = preSolution
		Debug|Any CPU = Debug|Any CPU
		Release|Any CPU = Release|Any CPU
	EndGlobalSection
	GlobalSection(ProjectConfigurationPlatforms) = postSolution
		{FA8774F4-9C61-42DA-94E8-7952943EF170}.Debug|Any CPU.ActiveCfg = Debug|Any CPU
		{FA8774F4-9C61-42DA-94E8-7952943EF170}.Debug|Any CPU.Build.0 = Debug|Any CPU
		{FA8774F4-9C61-42DA-94E8-7952943EF170}.Release|Any CPU.ActiveCfg = Release|Any CPU
		{FA8774F4-9C61-42DA-94E8-7952943EF170}.Release|Any CPU.Build.0 = Release|Any CPU
	EndGlobalSection
	GlobalSection(SolutionProperties) = preSolution
		HideSolutionNode = FALSE
	EndGlobalSection
	GlobalSection(ExtensibilityGlobals) = postSolution
		SolutionGuid = {1768D885-027B-4810-AEB9-FA21BFD0ED3B}
	EndGlobalSection
EndGlobal
