
Microsoft Visual Studio Solution File, Format Version 12.00
# Visual Studio 15
VisualStudioVersion = 15.0.26730.16
MinimumVisualStudioVersion = 10.0.40219.1
Project("{FAE04EC0-301F-11D3-BF4B-00C04F79EFBC}") = "ValueTasks", "ValueTasks\ValueTasks.csproj", "{2409433A-1FC1-44CD-BF6B-342BF80E1233}"
EndProject
Project("{FAE04EC0-301F-11D3-BF4B-00C04F79EFBC}") = "ObjectLayoutInspector", "ObjectLayoutInspector\ObjectLayoutInspector.csproj", "{F645369A-DD2D-4A9E-8E98-F8C8EB062159}"
EndProject
Global
	GlobalSection(SolutionConfigurationPlatforms) = preSolution
		Debug|Any CPU = Debug|Any CPU
		Release|Any CPU = Release|Any CPU
	EndGlobalSection
	GlobalSection(ProjectConfigurationPlatforms) = postSolution
		{2409433A-1FC1-44CD-BF6B-342BF80E1233}.Debug|Any CPU.ActiveCfg = Debug|Any CPU
		{2409433A-1FC1-44CD-BF6B-342BF80E1233}.Debug|Any CPU.Build.0 = Debug|Any CPU
		{2409433A-1FC1-44CD-BF6B-342BF80E1233}.Release|Any CPU.ActiveCfg = Release|Any CPU
		{2409433A-1FC1-44CD-BF6B-342BF80E1233}.Release|Any CPU.Build.0 = Release|Any CPU
		{F645369A-DD2D-4A9E-8E98-F8C8EB062159}.Debug|Any CPU.ActiveCfg = Debug|Any CPU
		{F645369A-DD2D-4A9E-8E98-F8C8EB062159}.Debug|Any CPU.Build.0 = Debug|Any CPU
		{F645369A-DD2D-4A9E-8E98-F8C8EB062159}.Release|Any CPU.ActiveCfg = Release|Any CPU
		{F645369A-DD2D-4A9E-8E98-F8C8EB062159}.Release|Any CPU.Build.0 = Release|Any CPU
	EndGlobalSection
	GlobalSection(SolutionProperties) = preSolution
		HideSolutionNode = FALSE
	EndGlobalSection
	GlobalSection(ExtensibilityGlobals) = postSolution
		SolutionGuid = {FD7807EA-5E54-45E2-B90B-7FB6F4DDEB59}
	EndGlobalSection
EndGlobal
