
Microsoft Visual Studio Solution File, Format Version 12.00
# Visual Studio Version 16
VisualStudioVersion = 16.0.29709.97
MinimumVisualStudioVersion = 10.0.40219.1
Project("{FAE04EC0-301F-11D3-BF4B-00C04F79EFBC}") = "NonAsynchronousAsyncMethods", "NonAsynchronousAsyncMethods\NonAsynchronousAsyncMethods.csproj", "{9A668A59-BAB3-49B3-B274-99122FB6BA7B}"
EndProject
Global
	GlobalSection(SolutionConfigurationPlatforms) = preSolution
		Debug|Any CPU = Debug|Any CPU
		Release|Any CPU = Release|Any CPU
	EndGlobalSection
	GlobalSection(ProjectConfigurationPlatforms) = postSolution
		{9A668A59-BAB3-49B3-B274-99122FB6BA7B}.Debug|Any CPU.ActiveCfg = Debug|Any CPU
		{9A668A59-BAB3-49B3-B274-99122FB6BA7B}.Debug|Any CPU.Build.0 = Debug|Any CPU
		{9A668A59-BAB3-49B3-B274-99122FB6BA7B}.Release|Any CPU.ActiveCfg = Release|Any CPU
		{9A668A59-BAB3-49B3-B274-99122FB6BA7B}.Release|Any CPU.Build.0 = Release|Any CPU
	EndGlobalSection
	GlobalSection(SolutionProperties) = preSolution
		HideSolutionNode = FALSE
	EndGlobalSection
	GlobalSection(ExtensibilityGlobals) = postSolution
		SolutionGuid = {443D0077-85D4-4D64-A6CC-2229C1C6E420}
	EndGlobalSection
EndGlobal
